
Microsoft Visual Studio Solution File, Format Version 12.00
# Visual Studio Version 17
VisualStudioVersion = 17.3.32421.122
MinimumVisualStudioVersion = 10.0.40219.1
Project("{9A19103F-16F7-4668-BE54-9A1E7A4F7556}") = "DrasticMaui", "DrasticMaui\DrasticMaui.csproj", "{1F882F22-AE65-49AB-AE81-6CFD7D99F9F0}"
EndProject
Project("{2150E333-8FDC-42A3-9474-1A3956D46DE8}") = "Samples", "Samples", "{085C4D81-8EEF-4612-9E08-ADC6CEBCD84B}"
EndProject
Project("{9A19103F-16F7-4668-BE54-9A1E7A4F7556}") = "DrasticMaui.DragAndDropSample", "Samples\DrasticMaui.DragAndDropSample\DrasticMaui.DragAndDropSample.csproj", "{44E8CFBB-5010-46C7-AB6D-B1CAF666C759}"
EndProject
Global
	GlobalSection(SolutionConfigurationPlatforms) = preSolution
		Debug|Any CPU = Debug|Any CPU
		Release|Any CPU = Release|Any CPU
	EndGlobalSection
	GlobalSection(ProjectConfigurationPlatforms) = postSolution
		{1F882F22-AE65-49AB-AE81-6CFD7D99F9F0}.Debug|Any CPU.ActiveCfg = Debug|Any CPU
		{1F882F22-AE65-49AB-AE81-6CFD7D99F9F0}.Debug|Any CPU.Build.0 = Debug|Any CPU
		{1F882F22-AE65-49AB-AE81-6CFD7D99F9F0}.Release|Any CPU.ActiveCfg = Release|Any CPU
		{1F882F22-AE65-49AB-AE81-6CFD7D99F9F0}.Release|Any CPU.Build.0 = Release|Any CPU
		{44E8CFBB-5010-46C7-AB6D-B1CAF666C759}.Debug|Any CPU.ActiveCfg = Debug|Any CPU
		{44E8CFBB-5010-46C7-AB6D-B1CAF666C759}.Debug|Any CPU.Build.0 = Debug|Any CPU
		{44E8CFBB-5010-46C7-AB6D-B1CAF666C759}.Debug|Any CPU.Deploy.0 = Debug|Any CPU
		{44E8CFBB-5010-46C7-AB6D-B1CAF666C759}.Release|Any CPU.ActiveCfg = Release|Any CPU
		{44E8CFBB-5010-46C7-AB6D-B1CAF666C759}.Release|Any CPU.Build.0 = Release|Any CPU
		{44E8CFBB-5010-46C7-AB6D-B1CAF666C759}.Release|Any CPU.Deploy.0 = Release|Any CPU
	EndGlobalSection
	GlobalSection(SolutionProperties) = preSolution
		HideSolutionNode = FALSE
	EndGlobalSection
	GlobalSection(NestedProjects) = preSolution
		{44E8CFBB-5010-46C7-AB6D-B1CAF666C759} = {085C4D81-8EEF-4612-9E08-ADC6CEBCD84B}
	EndGlobalSection
	GlobalSection(ExtensibilityGlobals) = postSolution
		SolutionGuid = {90358B20-D7D8-4446-9643-E4F4BA422805}
	EndGlobalSection
EndGlobal
