
Microsoft Visual Studio Solution File, Format Version 12.00
# Visual Studio Version 17
VisualStudioVersion = 17.1.32023.32
MinimumVisualStudioVersion = 10.0.40219.1
Project("{9A19103F-16F7-4668-BE54-9A1E7A4F7556}") = "DrasticMaui.Sample", "DrasticMaui.Sample\DrasticMaui.Sample.csproj", "{BD39811E-11BA-47FA-9F6A-A322AAAE1057}"
EndProject
Project("{9A19103F-16F7-4668-BE54-9A1E7A4F7556}") = "DrasticMaui", "DrasticMaui\DrasticMaui.csproj", "{ABBB7C06-7C93-4091-81FB-FAB580FBE76D}"
EndProject
Project("{9A19103F-16F7-4668-BE54-9A1E7A4F7556}") = "DrasticMaui.DragAndDropOverlay", "DrasticMaui.DragAndDropOverlay\DrasticMaui.DragAndDropOverlay.csproj", "{BAEA46D9-A6C0-41CA-A169-C844CD8FB10F}"
EndProject
Project("{9A19103F-16F7-4668-BE54-9A1E7A4F7556}") = "DrasticMaui.PageOverlay", "DrasticMaui.PageOverlay\DrasticMaui.PageOverlay.csproj", "{14AFBC2C-E354-4373-9856-25808232409D}"
EndProject
Project("{9A19103F-16F7-4668-BE54-9A1E7A4F7556}") = "DrasticMaui.TrayIcon", "DrasticMaui.TrayIcon\DrasticMaui.TrayIcon.csproj", "{B5608DDB-F238-4749-B527-B0D21482F084}"
EndProject
Project("{9A19103F-16F7-4668-BE54-9A1E7A4F7556}") = "DrasticMaui.SidebarNavigationWindow", "DrasticMaui.SidebarNavigationWindow\DrasticMaui.SidebarNavigationWindow.csproj", "{9111A99D-CC3C-426F-BBBA-76EAAFE88B58}"
EndProject
Project("{9A19103F-16F7-4668-BE54-9A1E7A4F7556}") = "DrasticMaui.MauiWindow", "DrasticMaui.Window\DrasticMaui.MauiWindow.csproj", "{DC24F082-FFE9-45DF-B8C2-5FCE7AF240C6}"
EndProject
Project("{9A19103F-16F7-4668-BE54-9A1E7A4F7556}") = "DrasticMaui.Helpers", "DrasticMaui.Helpers\DrasticMaui.Helpers.csproj", "{B130E5AA-2EEF-4D0B-9AB3-3439EB7B47E4}"
EndProject
Global
	GlobalSection(SolutionConfigurationPlatforms) = preSolution
		Debug|Any CPU = Debug|Any CPU
		Release|Any CPU = Release|Any CPU
	EndGlobalSection
	GlobalSection(ProjectConfigurationPlatforms) = postSolution
		{BD39811E-11BA-47FA-9F6A-A322AAAE1057}.Debug|Any CPU.ActiveCfg = Debug|Any CPU
		{BD39811E-11BA-47FA-9F6A-A322AAAE1057}.Debug|Any CPU.Build.0 = Debug|Any CPU
		{BD39811E-11BA-47FA-9F6A-A322AAAE1057}.Debug|Any CPU.Deploy.0 = Debug|Any CPU
		{BD39811E-11BA-47FA-9F6A-A322AAAE1057}.Release|Any CPU.ActiveCfg = Release|Any CPU
		{BD39811E-11BA-47FA-9F6A-A322AAAE1057}.Release|Any CPU.Build.0 = Release|Any CPU
		{ABBB7C06-7C93-4091-81FB-FAB580FBE76D}.Debug|Any CPU.ActiveCfg = Debug|Any CPU
		{ABBB7C06-7C93-4091-81FB-FAB580FBE76D}.Debug|Any CPU.Build.0 = Debug|Any CPU
		{ABBB7C06-7C93-4091-81FB-FAB580FBE76D}.Release|Any CPU.ActiveCfg = Release|Any CPU
		{ABBB7C06-7C93-4091-81FB-FAB580FBE76D}.Release|Any CPU.Build.0 = Release|Any CPU
		{BAEA46D9-A6C0-41CA-A169-C844CD8FB10F}.Debug|Any CPU.ActiveCfg = Debug|Any CPU
		{BAEA46D9-A6C0-41CA-A169-C844CD8FB10F}.Debug|Any CPU.Build.0 = Debug|Any CPU
		{BAEA46D9-A6C0-41CA-A169-C844CD8FB10F}.Release|Any CPU.ActiveCfg = Release|Any CPU
		{BAEA46D9-A6C0-41CA-A169-C844CD8FB10F}.Release|Any CPU.Build.0 = Release|Any CPU
		{14AFBC2C-E354-4373-9856-25808232409D}.Debug|Any CPU.ActiveCfg = Debug|Any CPU
		{14AFBC2C-E354-4373-9856-25808232409D}.Debug|Any CPU.Build.0 = Debug|Any CPU
		{14AFBC2C-E354-4373-9856-25808232409D}.Release|Any CPU.ActiveCfg = Release|Any CPU
		{14AFBC2C-E354-4373-9856-25808232409D}.Release|Any CPU.Build.0 = Release|Any CPU
		{B5608DDB-F238-4749-B527-B0D21482F084}.Debug|Any CPU.ActiveCfg = Debug|Any CPU
		{B5608DDB-F238-4749-B527-B0D21482F084}.Debug|Any CPU.Build.0 = Debug|Any CPU
		{B5608DDB-F238-4749-B527-B0D21482F084}.Release|Any CPU.ActiveCfg = Release|Any CPU
		{B5608DDB-F238-4749-B527-B0D21482F084}.Release|Any CPU.Build.0 = Release|Any CPU
		{9111A99D-CC3C-426F-BBBA-76EAAFE88B58}.Debug|Any CPU.ActiveCfg = Debug|Any CPU
		{9111A99D-CC3C-426F-BBBA-76EAAFE88B58}.Debug|Any CPU.Build.0 = Debug|Any CPU
		{9111A99D-CC3C-426F-BBBA-76EAAFE88B58}.Release|Any CPU.ActiveCfg = Release|Any CPU
		{9111A99D-CC3C-426F-BBBA-76EAAFE88B58}.Release|Any CPU.Build.0 = Release|Any CPU
		{DC24F082-FFE9-45DF-B8C2-5FCE7AF240C6}.Debug|Any CPU.ActiveCfg = Debug|Any CPU
		{DC24F082-FFE9-45DF-B8C2-5FCE7AF240C6}.Debug|Any CPU.Build.0 = Debug|Any CPU
		{DC24F082-FFE9-45DF-B8C2-5FCE7AF240C6}.Release|Any CPU.ActiveCfg = Release|Any CPU
		{DC24F082-FFE9-45DF-B8C2-5FCE7AF240C6}.Release|Any CPU.Build.0 = Release|Any CPU
		{B130E5AA-2EEF-4D0B-9AB3-3439EB7B47E4}.Debug|Any CPU.ActiveCfg = Debug|Any CPU
		{B130E5AA-2EEF-4D0B-9AB3-3439EB7B47E4}.Debug|Any CPU.Build.0 = Debug|Any CPU
		{B130E5AA-2EEF-4D0B-9AB3-3439EB7B47E4}.Release|Any CPU.ActiveCfg = Release|Any CPU
		{B130E5AA-2EEF-4D0B-9AB3-3439EB7B47E4}.Release|Any CPU.Build.0 = Release|Any CPU
	EndGlobalSection
	GlobalSection(SolutionProperties) = preSolution
		HideSolutionNode = FALSE
	EndGlobalSection
	GlobalSection(ExtensibilityGlobals) = postSolution
		SolutionGuid = {DB648B09-B009-40CC-834D-DF08F035F2EE}
	EndGlobalSection
EndGlobal
